
Microsoft Visual Studio Solution File, Format Version 12.00
# Visual Studio Version 17
VisualStudioVersion = 17.1.32421.90
MinimumVisualStudioVersion = 10.0.40219.1
Project("{FAE04EC0-301F-11D3-BF4B-00C04F79EFBC}") = "UniversityClubDB", "UniversityClubDB\UniversityClubDB.csproj", "{421C335F-C9DE-43C5-91B7-2E9A2F665241}"
EndProject
Global
	GlobalSection(SolutionConfigurationPlatforms) = preSolution
		Debug|Any CPU = Debug|Any CPU
		Release|Any CPU = Release|Any CPU
	EndGlobalSection
	GlobalSection(ProjectConfigurationPlatforms) = postSolution
		{421C335F-C9DE-43C5-91B7-2E9A2F665241}.Debug|Any CPU.ActiveCfg = Debug|Any CPU
		{421C335F-C9DE-43C5-91B7-2E9A2F665241}.Debug|Any CPU.Build.0 = Debug|Any CPU
		{421C335F-C9DE-43C5-91B7-2E9A2F665241}.Release|Any CPU.ActiveCfg = Release|Any CPU
		{421C335F-C9DE-43C5-91B7-2E9A2F665241}.Release|Any CPU.Build.0 = Release|Any CPU
	EndGlobalSection
	GlobalSection(SolutionProperties) = preSolution
		HideSolutionNode = FALSE
	EndGlobalSection
	GlobalSection(ExtensibilityGlobals) = postSolution
		SolutionGuid = {30D7DFFE-0982-48F3-A093-5D6019D1C63D}
	EndGlobalSection
EndGlobal
